{
  "name": "@eiscore/platform",
  "version": "0.1.0",
  "lockfileVersion": 3,
  "requires": true,
  "packages": {
    "": {
      "name": "@eiscore/platform",
      "version": "0.1.0",
      "license": "AGPL-3.0-or-later",
      "engines": {
        "node": "^20.19.0 || >=22.12.0"
      }
    }
  }
}
